
Microsoft Visual Studio Solution File, Format Version 12.00
# Visual Studio Version 17
VisualStudioVersion = 17.1.32228.430
MinimumVisualStudioVersion = 10.0.40219.1
Project("{FAE04EC0-301F-11D3-BF4B-00C04F79EFBC}") = "Business", "Business\Business.csproj", "{E932ABFA-B9EF-44FD-848F-6ED494F5D845}"
EndProject
Project("{FAE04EC0-301F-11D3-BF4B-00C04F79EFBC}") = "DataAccess", "DataAccess\DataAccess.csproj", "{558B0C2D-DB68-4B81-B699-4204C7C755A7}"
EndProject
Project("{FAE04EC0-301F-11D3-BF4B-00C04F79EFBC}") = "Entities", "Entities\Entities.csproj", "{18225DC9-22CE-43B2-A825-CD1E43D7E924}"
EndProject
Project("{FAE04EC0-301F-11D3-BF4B-00C04F79EFBC}") = "Core", "Core\Core.csproj", "{7C9D525B-2F34-410A-9FCF-58F0907C7786}"
EndProject
Project("{FAE04EC0-301F-11D3-BF4B-00C04F79EFBC}") = "WebAPI", "WebAPI\WebAPI.csproj", "{4349DB42-7CC5-4CDB-85C6-C0B2DA360385}"
EndProject
Global
	GlobalSection(SolutionConfigurationPlatforms) = preSolution
		Debug|Any CPU = Debug|Any CPU
		Release|Any CPU = Release|Any CPU
	EndGlobalSection
	GlobalSection(ProjectConfigurationPlatforms) = postSolution
		{E932ABFA-B9EF-44FD-848F-6ED494F5D845}.Debug|Any CPU.ActiveCfg = Debug|Any CPU
		{E932ABFA-B9EF-44FD-848F-6ED494F5D845}.Debug|Any CPU.Build.0 = Debug|Any CPU
		{E932ABFA-B9EF-44FD-848F-6ED494F5D845}.Release|Any CPU.ActiveCfg = Release|Any CPU
		{E932ABFA-B9EF-44FD-848F-6ED494F5D845}.Release|Any CPU.Build.0 = Release|Any CPU
		{558B0C2D-DB68-4B81-B699-4204C7C755A7}.Debug|Any CPU.ActiveCfg = Debug|Any CPU
		{558B0C2D-DB68-4B81-B699-4204C7C755A7}.Debug|Any CPU.Build.0 = Debug|Any CPU
		{558B0C2D-DB68-4B81-B699-4204C7C755A7}.Release|Any CPU.ActiveCfg = Release|Any CPU
		{558B0C2D-DB68-4B81-B699-4204C7C755A7}.Release|Any CPU.Build.0 = Release|Any CPU
		{18225DC9-22CE-43B2-A825-CD1E43D7E924}.Debug|Any CPU.ActiveCfg = Debug|Any CPU
		{18225DC9-22CE-43B2-A825-CD1E43D7E924}.Debug|Any CPU.Build.0 = Debug|Any CPU
		{18225DC9-22CE-43B2-A825-CD1E43D7E924}.Release|Any CPU.ActiveCfg = Release|Any CPU
		{18225DC9-22CE-43B2-A825-CD1E43D7E924}.Release|Any CPU.Build.0 = Release|Any CPU
		{7C9D525B-2F34-410A-9FCF-58F0907C7786}.Debug|Any CPU.ActiveCfg = Debug|Any CPU
		{7C9D525B-2F34-410A-9FCF-58F0907C7786}.Debug|Any CPU.Build.0 = Debug|Any CPU
		{7C9D525B-2F34-410A-9FCF-58F0907C7786}.Release|Any CPU.ActiveCfg = Release|Any CPU
		{7C9D525B-2F34-410A-9FCF-58F0907C7786}.Release|Any CPU.Build.0 = Release|Any CPU
		{4349DB42-7CC5-4CDB-85C6-C0B2DA360385}.Debug|Any CPU.ActiveCfg = Debug|Any CPU
		{4349DB42-7CC5-4CDB-85C6-C0B2DA360385}.Debug|Any CPU.Build.0 = Debug|Any CPU
		{4349DB42-7CC5-4CDB-85C6-C0B2DA360385}.Release|Any CPU.ActiveCfg = Release|Any CPU
		{4349DB42-7CC5-4CDB-85C6-C0B2DA360385}.Release|Any CPU.Build.0 = Release|Any CPU
	EndGlobalSection
	GlobalSection(SolutionProperties) = preSolution
		HideSolutionNode = FALSE
	EndGlobalSection
	GlobalSection(ExtensibilityGlobals) = postSolution
		SolutionGuid = {0E089093-4CA5-4E6C-B15C-5C8301E47BE3}
	EndGlobalSection
EndGlobal
